Microsoft Visual Studio Solution File, Format Version 8.00
Project("{8BC9CEB8-8B4A-11D0-8D11-00A0C91BC942}") = "libtrancevibe", "libtrancevibe.vcproj", "{88759845-BA37-4E37-8980-4598D8D2E3A2}"
	ProjectSection(ProjectDependencies) = postProject
	EndProjectSection
EndProject
Project("{8BC9CEB8-8B4A-11D0-8D11-00A0C91BC942}") = "tvtest", "tvtest\tvtest.vcproj", "{CAEE1438-0118-44F0-AF4F-B12F95A0B80F}"
	ProjectSection(ProjectDependencies) = postProject
	EndProjectSection
EndProject
Global
	GlobalSection(SolutionConfiguration) = preSolution
		Debug = Debug
		Release = Release
	EndGlobalSection
	GlobalSection(ProjectConfiguration) = postSolution
		{88759845-BA37-4E37-8980-4598D8D2E3A2}.Debug.ActiveCfg = Debug|Win32
		{88759845-BA37-4E37-8980-4598D8D2E3A2}.Debug.Build.0 = Debug|Win32
		{88759845-BA37-4E37-8980-4598D8D2E3A2}.Release.ActiveCfg = Release|Win32
		{88759845-BA37-4E37-8980-4598D8D2E3A2}.Release.Build.0 = Release|Win32
		{CAEE1438-0118-44F0-AF4F-B12F95A0B80F}.Debug.ActiveCfg = Debug|Win32
		{CAEE1438-0118-44F0-AF4F-B12F95A0B80F}.Debug.Build.0 = Debug|Win32
		{CAEE1438-0118-44F0-AF4F-B12F95A0B80F}.Release.ActiveCfg = Release|Win32
		{CAEE1438-0118-44F0-AF4F-B12F95A0B80F}.Release.Build.0 = Release|Win32
	EndGlobalSection
	GlobalSection(ExtensibilityGlobals) = postSolution
	EndGlobalSection
	GlobalSection(ExtensibilityAddIns) = postSolution
	EndGlobalSection
EndGlobal
