// !$*UTF8*$!
{
	archiveVersion = 1;
	classes = {
	};
	objectVersion = 44;
	objects = {

/* Begin PBXBuildFile section */
		C13346890CF8285F0029773C /* libusb.dylib in Frameworks */ = {isa = PBXBuildFile; fileRef = C133463F0CF811650029773C /* libusb.dylib */; };
		C133468A0CF828650029773C /* libusb.a in Frameworks */ = {isa = PBXBuildFile; fileRef = C133467A0CF827D30029773C /* libusb.a */; };
		C133468B0CF828720029773C /* trancevibe.c in Sources */ = {isa = PBXBuildFile; fileRef = C189C6220CF6D293009B7787 /* trancevibe.c */; };
		C133468C0CF828740029773C /* trancevibe.h in Headers */ = {isa = PBXBuildFile; fileRef = C189C6210CF6D293009B7787 /* trancevibe.h */; };
		C144B7FA0CFAC4F4005B12E0 /* libtrancevibe.a in Frameworks */ = {isa = PBXBuildFile; fileRef = C13346840CF8284A0029773C /* libtrancevibe.a */; };
		C144B8190CFAC7FE005B12E0 /* Carbon.framework in Frameworks */ = {isa = PBXBuildFile; fileRef = C144B8180CFAC7FE005B12E0 /* Carbon.framework */; };
		C144B81F0CFAC816005B12E0 /* IOKit.framework in Frameworks */ = {isa = PBXBuildFile; fileRef = C144B81E0CFAC816005B12E0 /* IOKit.framework */; };
		C144B8230CFAC840005B12E0 /* Carbon.framework in Frameworks */ = {isa = PBXBuildFile; fileRef = C144B8180CFAC7FE005B12E0 /* Carbon.framework */; };
		C144B8E20CFAC843005B12E0 /* IOKit.framework in Frameworks */ = {isa = PBXBuildFile; fileRef = C144B81E0CFAC816005B12E0 /* IOKit.framework */; };
		C189C6230CF6D293009B7787 /* trancevibe.h in Headers */ = {isa = PBXBuildFile; fileRef = C189C6210CF6D293009B7787 /* trancevibe.h */; };
		C189C6240CF6D293009B7787 /* trancevibe.c in Sources */ = {isa = PBXBuildFile; fileRef = C189C6220CF6D293009B7787 /* trancevibe.c */; };
		C189C6840CF7E4AE009B7787 /* tvtest.c in Sources */ = {isa = PBXBuildFile; fileRef = C189C6830CF7E4AE009B7787 /* tvtest.c */; };
/* End PBXBuildFile section */

/* Begin PBXContainerItemProxy section */
		C144B8060CFAC5A4005B12E0 /* PBXContainerItemProxy */ = {
			isa = PBXContainerItemProxy;
			containerPortal = 08FB7793FE84155DC02AAC07 /* Project object */;
			proxyType = 1;
			remoteGlobalIDString = C13346830CF8284A0029773C /* libtrancevibe_static */;
			remoteInfo = libtrancevibe_static;
		};
/* End PBXContainerItemProxy section */

/* Begin PBXFileReference section */
		C133463F0CF811650029773C /* libusb.dylib */ = {isa = PBXFileReference; lastKnownFileType = "compiled.mach-o.dylib"; name = libusb.dylib; path = /usr/local/lib/libusb.dylib; sourceTree = "<absolute>"; };
		C133467A0CF827D30029773C /* libusb.a */ = {isa = PBXFileReference; lastKnownFileType = archive.ar; name = libusb.a; path = /usr/local/lib/libusb.a; sourceTree = "<absolute>"; };
		C13346840CF8284A0029773C /* libtrancevibe.a */ = {isa = PBXFileReference; explicitFileType = archive.ar; includeInIndex = 0; path = libtrancevibe.a; sourceTree = BUILT_PRODUCTS_DIR; };
		C144B8180CFAC7FE005B12E0 /* Carbon.framework */ = {isa = PBXFileReference; lastKnownFileType = wrapper.framework; name = Carbon.framework; path = /System/Library/Frameworks/Carbon.framework; sourceTree = "<absolute>"; };
		C144B81E0CFAC816005B12E0 /* IOKit.framework */ = {isa = PBXFileReference; lastKnownFileType = wrapper.framework; name = IOKit.framework; path = /System/Library/Frameworks/IOKit.framework; sourceTree = "<absolute>"; };
		C189C6210CF6D293009B7787 /* trancevibe.h */ = {isa = PBXFileReference; fileEncoding = 4; lastKnownFileType = sourcecode.c.h; name = trancevibe.h; path = src/trancevibe.h; sourceTree = "<group>"; };
		C189C6220CF6D293009B7787 /* trancevibe.c */ = {isa = PBXFileReference; fileEncoding = 4; lastKnownFileType = sourcecode.c.c; name = trancevibe.c; path = src/trancevibe.c; sourceTree = "<group>"; };
		C189C67D0CF7E40E009B7787 /* tvtest */ = {isa = PBXFileReference; explicitFileType = "compiled.mach-o.executable"; includeInIndex = 0; path = tvtest; sourceTree = BUILT_PRODUCTS_DIR; };
		C189C6830CF7E4AE009B7787 /* tvtest.c */ = {isa = PBXFileReference; fileEncoding = 4; lastKnownFileType = sourcecode.c.c; name = tvtest.c; path = examples/tvtest/tvtest.c; sourceTree = "<group>"; };
		D2AAC0630554660B00DB518D /* libtrancevibe.dylib */ = {isa = PBXFileReference; explicitFileType = "compiled.mach-o.dylib"; includeInIndex = 0; path = libtrancevibe.dylib; sourceTree = BUILT_PRODUCTS_DIR; };
/* End PBXFileReference section */

/* Begin PBXFrameworksBuildPhase section */
		C13346820CF8284A0029773C /* Frameworks */ = {
			isa = PBXFrameworksBuildPhase;
			buildActionMask = 2147483647;
			files = (
				C144B8E20CFAC843005B12E0 /* IOKit.framework in Frameworks */,
				C144B8230CFAC840005B12E0 /* Carbon.framework in Frameworks */,
				C133468A0CF828650029773C /* libusb.a in Frameworks */,
			);
			runOnlyForDeploymentPostprocessing = 0;
		};
		C189C67B0CF7E40E009B7787 /* Frameworks */ = {
			isa = PBXFrameworksBuildPhase;
			buildActionMask = 2147483647;
			files = (
				C144B7FA0CFAC4F4005B12E0 /* libtrancevibe.a in Frameworks */,
				C144B8190CFAC7FE005B12E0 /* Carbon.framework in Frameworks */,
				C144B81F0CFAC816005B12E0 /* IOKit.framework in Frameworks */,
			);
			runOnlyForDeploymentPostprocessing = 0;
		};
		D289988505E68E00004EDB86 /* Frameworks */ = {
			isa = PBXFrameworksBuildPhase;
			buildActionMask = 2147483647;
			files = (
				C13346890CF8285F0029773C /* libusb.dylib in Frameworks */,
			);
			runOnlyForDeploymentPostprocessing = 0;
		};
/* End PBXFrameworksBuildPhase section */

/* Begin PBXGroup section */
		08FB7794FE84155DC02AAC07 /* libtrancevibe */ = {
			isa = PBXGroup;
			children = (
				08FB7795FE84155DC02AAC07 /* Source */,
				C189C6790CF7E3C6009B7787 /* Examples */,
				C189C6440CF7BC1A009B7787 /* Libraries and Frameworks */,
				1AB674ADFE9D54B511CA2CBB /* Products */,
			);
			name = libtrancevibe;
			sourceTree = "<group>";
		};
		08FB7795FE84155DC02AAC07 /* Source */ = {
			isa = PBXGroup;
			children = (
				C189C6210CF6D293009B7787 /* trancevibe.h */,
				C189C6220CF6D293009B7787 /* trancevibe.c */,
			);
			name = Source;
			sourceTree = "<group>";
		};
		1AB674ADFE9D54B511CA2CBB /* Products */ = {
			isa = PBXGroup;
			children = (
				D2AAC0630554660B00DB518D /* libtrancevibe.dylib */,
				C189C67D0CF7E40E009B7787 /* tvtest */,
				C13346840CF8284A0029773C /* libtrancevibe.a */,
			);
			name = Products;
			sourceTree = "<group>";
		};
		C189C6440CF7BC1A009B7787 /* Libraries and Frameworks */ = {
			isa = PBXGroup;
			children = (
				C144B81E0CFAC816005B12E0 /* IOKit.framework */,
				C144B8180CFAC7FE005B12E0 /* Carbon.framework */,
				C133467A0CF827D30029773C /* libusb.a */,
				C133463F0CF811650029773C /* libusb.dylib */,
			);
			name = "Libraries and Frameworks";
			sourceTree = "<group>";
		};
		C189C6790CF7E3C6009B7787 /* Examples */ = {
			isa = PBXGroup;
			children = (
				C189C6820CF7E49C009B7787 /* tvtest */,
			);
			name = Examples;
			sourceTree = "<group>";
		};
		C189C6820CF7E49C009B7787 /* tvtest */ = {
			isa = PBXGroup;
			children = (
				C189C6830CF7E4AE009B7787 /* tvtest.c */,
			);
			name = tvtest;
			sourceTree = "<group>";
		};
/* End PBXGroup section */

/* Begin PBXHeadersBuildPhase section */
		C13346800CF8284A0029773C /* Headers */ = {
			isa = PBXHeadersBuildPhase;
			buildActionMask = 2147483647;
			files = (
				C133468C0CF828740029773C /* trancevibe.h in Headers */,
			);
			runOnlyForDeploymentPostprocessing = 0;
		};
		D2AAC0600554660B00DB518D /* Headers */ = {
			isa = PBXHeadersBuildPhase;
			buildActionMask = 2147483647;
			files = (
				C189C6230CF6D293009B7787 /* trancevibe.h in Headers */,
			);
			runOnlyForDeploymentPostprocessing = 0;
		};
/* End PBXHeadersBuildPhase section */

/* Begin PBXNativeTarget section */
		C13346830CF8284A0029773C /* libtrancevibe_static */ = {
			isa = PBXNativeTarget;
			buildConfigurationList = C133469A0CF828840029773C /* Build configuration list for PBXNativeTarget "libtrancevibe_static" */;
			buildPhases = (
				C13346800CF8284A0029773C /* Headers */,
				C13346810CF8284A0029773C /* Sources */,
				C13346820CF8284A0029773C /* Frameworks */,
			);
			buildRules = (
			);
			dependencies = (
			);
			name = libtrancevibe_static;
			productName = libtrancevibe_static;
			productReference = C13346840CF8284A0029773C /* libtrancevibe.a */;
			productType = "com.apple.product-type.library.static";
		};
		C189C67C0CF7E40E009B7787 /* tvtest */ = {
			isa = PBXNativeTarget;
			buildConfigurationList = C189C6810CF7E436009B7787 /* Build configuration list for PBXNativeTarget "tvtest" */;
			buildPhases = (
				C189C67A0CF7E40E009B7787 /* Sources */,
				C189C67B0CF7E40E009B7787 /* Frameworks */,
			);
			buildRules = (
			);
			dependencies = (
				C144B8070CFAC5A4005B12E0 /* PBXTargetDependency */,
			);
			name = tvtest;
			productName = tvtest;
			productReference = C189C67D0CF7E40E009B7787 /* tvtest */;
			productType = "com.apple.product-type.tool";
		};
		D2AAC0620554660B00DB518D /* libtrancevibe */ = {
			isa = PBXNativeTarget;
			buildConfigurationList = 1DEB914A08733D8E0010E9CD /* Build configuration list for PBXNativeTarget "libtrancevibe" */;
			buildPhases = (
				D2AAC0600554660B00DB518D /* Headers */,
				D2AAC0610554660B00DB518D /* Sources */,
				D289988505E68E00004EDB86 /* Frameworks */,
			);
			buildRules = (
			);
			dependencies = (
			);
			name = libtrancevibe;
			productName = libtrancevibe;
			productReference = D2AAC0630554660B00DB518D /* libtrancevibe.dylib */;
			productType = "com.apple.product-type.library.dynamic";
		};
/* End PBXNativeTarget section */

/* Begin PBXProject section */
		08FB7793FE84155DC02AAC07 /* Project object */ = {
			isa = PBXProject;
			buildConfigurationList = 1DEB914E08733D8E0010E9CD /* Build configuration list for PBXProject "libtrancevibe" */;
			compatibilityVersion = "Xcode 3.0";
			hasScannedForEncodings = 1;
			mainGroup = 08FB7794FE84155DC02AAC07 /* libtrancevibe */;
			projectDirPath = "";
			projectRoot = "";
			targets = (
				D2AAC0620554660B00DB518D /* libtrancevibe */,
				C189C67C0CF7E40E009B7787 /* tvtest */,
				C13346830CF8284A0029773C /* libtrancevibe_static */,
			);
		};
/* End PBXProject section */

/* Begin PBXSourcesBuildPhase section */
		C13346810CF8284A0029773C /* Sources */ = {
			isa = PBXSourcesBuildPhase;
			buildActionMask = 2147483647;
			files = (
				C133468B0CF828720029773C /* trancevibe.c in Sources */,
			);
			runOnlyForDeploymentPostprocessing = 0;
		};
		C189C67A0CF7E40E009B7787 /* Sources */ = {
			isa = PBXSourcesBuildPhase;
			buildActionMask = 2147483647;
			files = (
				C189C6840CF7E4AE009B7787 /* tvtest.c in Sources */,
			);
			runOnlyForDeploymentPostprocessing = 0;
		};
		D2AAC0610554660B00DB518D /* Sources */ = {
			isa = PBXSourcesBuildPhase;
			buildActionMask = 2147483647;
			files = (
				C189C6240CF6D293009B7787 /* trancevibe.c in Sources */,
			);
			runOnlyForDeploymentPostprocessing = 0;
		};
/* End PBXSourcesBuildPhase section */

/* Begin PBXTargetDependency section */
		C144B8070CFAC5A4005B12E0 /* PBXTargetDependency */ = {
			isa = PBXTargetDependency;
			target = C13346830CF8284A0029773C /* libtrancevibe_static */;
			targetProxy = C144B8060CFAC5A4005B12E0 /* PBXContainerItemProxy */;
		};
/* End PBXTargetDependency section */

/* Begin XCBuildConfiguration section */
		1DEB914B08733D8E0010E9CD /* Debug */ = {
			isa = XCBuildConfiguration;
			buildSettings = {
				ARCHS = (
					i386,
					ppc,
				);
				COPY_PHASE_STRIP = NO;
				EXECUTABLE_PREFIX = "";
				GCC_DYNAMIC_NO_PIC = NO;
				GCC_ENABLE_FIX_AND_CONTINUE = YES;
				GCC_MODEL_TUNING = G5;
				GCC_OPTIMIZATION_LEVEL = 0;
				HEADER_SEARCH_PATHS = "/usr/local/include/**";
				INSTALL_PATH = /usr/local/lib;
				LIBRARY_SEARCH_PATHS = "/usr/local/lib/**";
				PRODUCT_NAME = libtrancevibe;
				ZERO_LINK = YES;
			};
			name = Debug;
		};
		1DEB914C08733D8E0010E9CD /* Release */ = {
			isa = XCBuildConfiguration;
			buildSettings = {
				ARCHS = (
					i386,
					ppc,
				);
				DEBUG_INFORMATION_FORMAT = "dwarf-with-dsym";
				EXECUTABLE_PREFIX = "";
				GCC_MODEL_TUNING = G5;
				HEADER_SEARCH_PATHS = "/usr/local/include/**";
				INSTALL_PATH = /usr/local/lib;
				LIBRARY_SEARCH_PATHS = "/usr/local/lib/**";
				PRODUCT_NAME = libtrancevibe;
			};
			name = Release;
		};
		1DEB914F08733D8E0010E9CD /* Debug */ = {
			isa = XCBuildConfiguration;
			buildSettings = {
				GCC_WARN_ABOUT_RETURN_TYPE = YES;
				GCC_WARN_UNUSED_VARIABLE = YES;
				PREBINDING = NO;
				SDKROOT = "$(DEVELOPER_SDK_DIR)/MacOSX10.5.sdk";
			};
			name = Debug;
		};
		1DEB915008733D8E0010E9CD /* Release */ = {
			isa = XCBuildConfiguration;
			buildSettings = {
				ARCHS = (
					ppc,
					i386,
				);
				GCC_WARN_ABOUT_RETURN_TYPE = YES;
				GCC_WARN_UNUSED_VARIABLE = YES;
				PREBINDING = NO;
				SDKROOT = "$(DEVELOPER_SDK_DIR)/MacOSX10.5.sdk";
			};
			name = Release;
		};
		C13346850CF8284A0029773C /* Debug */ = {
			isa = XCBuildConfiguration;
			buildSettings = {
				COPY_PHASE_STRIP = NO;
				EXECUTABLE_PREFIX = "";
				GCC_DYNAMIC_NO_PIC = NO;
				GCC_ENABLE_FIX_AND_CONTINUE = YES;
				GCC_MODEL_TUNING = G5;
				GCC_OPTIMIZATION_LEVEL = 0;
				HEADER_SEARCH_PATHS = "/usr/local/include/**";
				INSTALL_PATH = /usr/local/lib;
				LIBRARY_SEARCH_PATHS = "/usr/local/lib/**";
				PREBINDING = NO;
				PRODUCT_NAME = libtrancevibe;
				ZERO_LINK = YES;
			};
			name = Debug;
		};
		C13346860CF8284A0029773C /* Release */ = {
			isa = XCBuildConfiguration;
			buildSettings = {
				COPY_PHASE_STRIP = YES;
				DEBUG_INFORMATION_FORMAT = "dwarf-with-dsym";
				EXECUTABLE_PREFIX = "";
				GCC_ENABLE_FIX_AND_CONTINUE = NO;
				GCC_MODEL_TUNING = G5;
				HEADER_SEARCH_PATHS = "/usr/local/include/**";
				INSTALL_PATH = /usr/local/lib;
				LIBRARY_SEARCH_PATHS = "/usr/local/lib/**";
				PREBINDING = NO;
				PRODUCT_NAME = libtrancevibe;
				ZERO_LINK = NO;
			};
			name = Release;
		};
		C189C67F0CF7E40E009B7787 /* Debug */ = {
			isa = XCBuildConfiguration;
			buildSettings = {
				ARCHS = (
					i386,
					ppc,
				);
				COPY_PHASE_STRIP = NO;
				GCC_DYNAMIC_NO_PIC = NO;
				GCC_ENABLE_FIX_AND_CONTINUE = YES;
				GCC_MODEL_TUNING = G5;
				GCC_OPTIMIZATION_LEVEL = 0;
				HEADER_SEARCH_PATHS = "/usr/local/include/**";
				INSTALL_PATH = /usr/local/bin;
				LIBRARY_SEARCH_PATHS = "/usr/local/lib/**";
				PREBINDING = NO;
				PRODUCT_NAME = tvtest;
				ZERO_LINK = YES;
			};
			name = Debug;
		};
		C189C6800CF7E40E009B7787 /* Release */ = {
			isa = XCBuildConfiguration;
			buildSettings = {
				ARCHS = (
					i386,
					ppc,
				);
				COPY_PHASE_STRIP = YES;
				DEBUG_INFORMATION_FORMAT = "dwarf-with-dsym";
				GCC_ENABLE_FIX_AND_CONTINUE = NO;
				GCC_MODEL_TUNING = G5;
				HEADER_SEARCH_PATHS = "/usr/local/include/**";
				INSTALL_PATH = /usr/local/bin;
				LIBRARY_SEARCH_PATHS = "/usr/local/lib/**";
				PREBINDING = NO;
				PRODUCT_NAME = tvtest;
				ZERO_LINK = NO;
			};
			name = Release;
		};
/* End XCBuildConfiguration section */

/* Begin XCConfigurationList section */
		1DEB914A08733D8E0010E9CD /* Build configuration list for PBXNativeTarget "libtrancevibe" */ = {
			isa = XCConfigurationList;
			buildConfigurations = (
				1DEB914B08733D8E0010E9CD /* Debug */,
				1DEB914C08733D8E0010E9CD /* Release */,
			);
			defaultConfigurationIsVisible = 0;
			defaultConfigurationName = Release;
		};
		1DEB914E08733D8E0010E9CD /* Build configuration list for PBXProject "libtrancevibe" */ = {
			isa = XCConfigurationList;
			buildConfigurations = (
				1DEB914F08733D8E0010E9CD /* Debug */,
				1DEB915008733D8E0010E9CD /* Release */,
			);
			defaultConfigurationIsVisible = 0;
			defaultConfigurationName = Release;
		};
		C133469A0CF828840029773C /* Build configuration list for PBXNativeTarget "libtrancevibe_static" */ = {
			isa = XCConfigurationList;
			buildConfigurations = (
				C13346850CF8284A0029773C /* Debug */,
				C13346860CF8284A0029773C /* Release */,
			);
			defaultConfigurationIsVisible = 0;
			defaultConfigurationName = Release;
		};
		C189C6810CF7E436009B7787 /* Build configuration list for PBXNativeTarget "tvtest" */ = {
			isa = XCConfigurationList;
			buildConfigurations = (
				C189C67F0CF7E40E009B7787 /* Debug */,
				C189C6800CF7E40E009B7787 /* Release */,
			);
			defaultConfigurationIsVisible = 0;
			defaultConfigurationName = Release;
		};
/* End XCConfigurationList section */
	};
	rootObject = 08FB7793FE84155DC02AAC07 /* Project object */;
}
